
Microsoft Visual Studio Solution File, Format Version 12.00
# Visual Studio 14
VisualStudioVersion = 14.0.24720.0
MinimumVisualStudioVersion = 10.0.40219.1
Project("{FAE04EC0-301F-11D3-BF4B-00C04F79EFBC}") = "jcPL.PCL", "jcPL.PCL\jcPL.PCL.csproj", "{0E92A538-2423-481B-92DE-D9167C3D76B3}"
EndProject
Project("{FAE04EC0-301F-11D3-BF4B-00C04F79EFBC}") = "jcPL.UWP.Lib", "jcPL.UWP.Lib\jcPL.UWP.Lib.csproj", "{35516020-DBB1-4EC0-8ACF-AC3B5E2923B9}"
EndProject
Project("{FAE04EC0-301F-11D3-BF4B-00C04F79EFBC}") = "jcPL.SQL.Lib", "jcPL.SQL.Lib\jcPL.SQL.Lib.csproj", "{880D2F01-5587-422E-B9EB-081E29F08B36}"
EndProject
Project("{FAE04EC0-301F-11D3-BF4B-00C04F79EFBC}") = "jcPL.ASPNET.Lib", "jcPL.ASPNET.Lib\jcPL.ASPNET.Lib.csproj", "{CEB133E1-A0CB-4A40-A53C-989ADA3B5455}"
EndProject
Global
	GlobalSection(SolutionConfigurationPlatforms) = preSolution
		Debug|Any CPU = Debug|Any CPU
		Debug|ARM = Debug|ARM
		Debug|x64 = Debug|x64
		Debug|x86 = Debug|x86
		Release|Any CPU = Release|Any CPU
		Release|ARM = Release|ARM
		Release|x64 = Release|x64
		Release|x86 = Release|x86
	EndGlobalSection
	GlobalSection(ProjectConfigurationPlatforms) = postSolution
		{0E92A538-2423-481B-92DE-D9167C3D76B3}.Debug|Any CPU.ActiveCfg = Debug|Any CPU
		{0E92A538-2423-481B-92DE-D9167C3D76B3}.Debug|Any CPU.Build.0 = Debug|Any CPU
		{0E92A538-2423-481B-92DE-D9167C3D76B3}.Debug|ARM.ActiveCfg = Debug|Any CPU
		{0E92A538-2423-481B-92DE-D9167C3D76B3}.Debug|ARM.Build.0 = Debug|Any CPU
		{0E92A538-2423-481B-92DE-D9167C3D76B3}.Debug|x64.ActiveCfg = Debug|Any CPU
		{0E92A538-2423-481B-92DE-D9167C3D76B3}.Debug|x64.Build.0 = Debug|Any CPU
		{0E92A538-2423-481B-92DE-D9167C3D76B3}.Debug|x86.ActiveCfg = Debug|Any CPU
		{0E92A538-2423-481B-92DE-D9167C3D76B3}.Debug|x86.Build.0 = Debug|Any CPU
		{0E92A538-2423-481B-92DE-D9167C3D76B3}.Release|Any CPU.ActiveCfg = Release|Any CPU
		{0E92A538-2423-481B-92DE-D9167C3D76B3}.Release|Any CPU.Build.0 = Release|Any CPU
		{0E92A538-2423-481B-92DE-D9167C3D76B3}.Release|ARM.ActiveCfg = Release|Any CPU
		{0E92A538-2423-481B-92DE-D9167C3D76B3}.Release|ARM.Build.0 = Release|Any CPU
		{0E92A538-2423-481B-92DE-D9167C3D76B3}.Release|x64.ActiveCfg = Release|Any CPU
		{0E92A538-2423-481B-92DE-D9167C3D76B3}.Release|x64.Build.0 = Release|Any CPU
		{0E92A538-2423-481B-92DE-D9167C3D76B3}.Release|x86.ActiveCfg = Release|Any CPU
		{0E92A538-2423-481B-92DE-D9167C3D76B3}.Release|x86.Build.0 = Release|Any CPU
		{35516020-DBB1-4EC0-8ACF-AC3B5E2923B9}.Debug|Any CPU.ActiveCfg = Debug|Any CPU
		{35516020-DBB1-4EC0-8ACF-AC3B5E2923B9}.Debug|Any CPU.Build.0 = Debug|Any CPU
		{35516020-DBB1-4EC0-8ACF-AC3B5E2923B9}.Debug|ARM.ActiveCfg = Debug|ARM
		{35516020-DBB1-4EC0-8ACF-AC3B5E2923B9}.Debug|ARM.Build.0 = Debug|ARM
		{35516020-DBB1-4EC0-8ACF-AC3B5E2923B9}.Debug|x64.ActiveCfg = Debug|x64
		{35516020-DBB1-4EC0-8ACF-AC3B5E2923B9}.Debug|x64.Build.0 = Debug|x64
		{35516020-DBB1-4EC0-8ACF-AC3B5E2923B9}.Debug|x86.ActiveCfg = Debug|x86
		{35516020-DBB1-4EC0-8ACF-AC3B5E2923B9}.Debug|x86.Build.0 = Debug|x86
		{35516020-DBB1-4EC0-8ACF-AC3B5E2923B9}.Release|Any CPU.ActiveCfg = Release|Any CPU
		{35516020-DBB1-4EC0-8ACF-AC3B5E2923B9}.Release|Any CPU.Build.0 = Release|Any CPU
		{35516020-DBB1-4EC0-8ACF-AC3B5E2923B9}.Release|ARM.ActiveCfg = Release|ARM
		{35516020-DBB1-4EC0-8ACF-AC3B5E2923B9}.Release|ARM.Build.0 = Release|ARM
		{35516020-DBB1-4EC0-8ACF-AC3B5E2923B9}.Release|x64.ActiveCfg = Release|x64
		{35516020-DBB1-4EC0-8ACF-AC3B5E2923B9}.Release|x64.Build.0 = Release|x64
		{35516020-DBB1-4EC0-8ACF-AC3B5E2923B9}.Release|x86.ActiveCfg = Release|x86
		{35516020-DBB1-4EC0-8ACF-AC3B5E2923B9}.Release|x86.Build.0 = Release|x86
		{880D2F01-5587-422E-B9EB-081E29F08B36}.Debug|Any CPU.ActiveCfg = Debug|Any CPU
		{880D2F01-5587-422E-B9EB-081E29F08B36}.Debug|Any CPU.Build.0 = Debug|Any CPU
		{880D2F01-5587-422E-B9EB-081E29F08B36}.Debug|ARM.ActiveCfg = Debug|Any CPU
		{880D2F01-5587-422E-B9EB-081E29F08B36}.Debug|ARM.Build.0 = Debug|Any CPU
		{880D2F01-5587-422E-B9EB-081E29F08B36}.Debug|x64.ActiveCfg = Debug|Any CPU
		{880D2F01-5587-422E-B9EB-081E29F08B36}.Debug|x64.Build.0 = Debug|Any CPU
		{880D2F01-5587-422E-B9EB-081E29F08B36}.Debug|x86.ActiveCfg = Debug|Any CPU
		{880D2F01-5587-422E-B9EB-081E29F08B36}.Debug|x86.Build.0 = Debug|Any CPU
		{880D2F01-5587-422E-B9EB-081E29F08B36}.Release|Any CPU.ActiveCfg = Release|Any CPU
		{880D2F01-5587-422E-B9EB-081E29F08B36}.Release|Any CPU.Build.0 = Release|Any CPU
		{880D2F01-5587-422E-B9EB-081E29F08B36}.Release|ARM.ActiveCfg = Release|Any CPU
		{880D2F01-5587-422E-B9EB-081E29F08B36}.Release|ARM.Build.0 = Release|Any CPU
		{880D2F01-5587-422E-B9EB-081E29F08B36}.Release|x64.ActiveCfg = Release|Any CPU
		{880D2F01-5587-422E-B9EB-081E29F08B36}.Release|x64.Build.0 = Release|Any CPU
		{880D2F01-5587-422E-B9EB-081E29F08B36}.Release|x86.ActiveCfg = Release|Any CPU
		{880D2F01-5587-422E-B9EB-081E29F08B36}.Release|x86.Build.0 = Release|Any CPU
		{CEB133E1-A0CB-4A40-A53C-989ADA3B5455}.Debug|Any CPU.ActiveCfg = Debug|Any CPU
		{CEB133E1-A0CB-4A40-A53C-989ADA3B5455}.Debug|Any CPU.Build.0 = Debug|Any CPU
		{CEB133E1-A0CB-4A40-A53C-989ADA3B5455}.Debug|ARM.ActiveCfg = Debug|Any CPU
		{CEB133E1-A0CB-4A40-A53C-989ADA3B5455}.Debug|ARM.Build.0 = Debug|Any CPU
		{CEB133E1-A0CB-4A40-A53C-989ADA3B5455}.Debug|x64.ActiveCfg = Debug|Any CPU
		{CEB133E1-A0CB-4A40-A53C-989ADA3B5455}.Debug|x64.Build.0 = Debug|Any CPU
		{CEB133E1-A0CB-4A40-A53C-989ADA3B5455}.Debug|x86.ActiveCfg = Debug|Any CPU
		{CEB133E1-A0CB-4A40-A53C-989ADA3B5455}.Debug|x86.Build.0 = Debug|Any CPU
		{CEB133E1-A0CB-4A40-A53C-989ADA3B5455}.Release|Any CPU.ActiveCfg = Release|Any CPU
		{CEB133E1-A0CB-4A40-A53C-989ADA3B5455}.Release|Any CPU.Build.0 = Release|Any CPU
		{CEB133E1-A0CB-4A40-A53C-989ADA3B5455}.Release|ARM.ActiveCfg = Release|Any CPU
		{CEB133E1-A0CB-4A40-A53C-989ADA3B5455}.Release|ARM.Build.0 = Release|Any CPU
		{CEB133E1-A0CB-4A40-A53C-989ADA3B5455}.Release|x64.ActiveCfg = Release|Any CPU
		{CEB133E1-A0CB-4A40-A53C-989ADA3B5455}.Release|x64.Build.0 = Release|Any CPU
		{CEB133E1-A0CB-4A40-A53C-989ADA3B5455}.Release|x86.ActiveCfg = Release|Any CPU
		{CEB133E1-A0CB-4A40-A53C-989ADA3B5455}.Release|x86.Build.0 = Release|Any CPU
	EndGlobalSection
	GlobalSection(SolutionProperties) = preSolution
		HideSolutionNode = FALSE
	EndGlobalSection
EndGlobal
